
Microsoft Visual Studio Solution File, Format Version 12.00
# Visual Studio Version 16
VisualStudioVersion = 16.0.29215.179
MinimumVisualStudioVersion = 10.0.40219.1
Project("{FAE04EC0-301F-11D3-BF4B-00C04F79EFBC}") = "IntroToCSharp", "IntroToCSharp\IntroToCSharp.csproj", "{44C219FA-AA55-4D55-98FE-ECFB258B1C63}"
EndProject
Project("{FAE04EC0-301F-11D3-BF4B-00C04F79EFBC}") = "MyModels", "MyModels\MyModels.csproj", "{1A283E00-5507-4A13-A291-E8B4E26C9647}"
EndProject
Global
	GlobalSection(SolutionConfigurationPlatforms) = preSolution
		Debug|Any CPU = Debug|Any CPU
		Release|Any CPU = Release|Any CPU
	EndGlobalSection
	GlobalSection(ProjectConfigurationPlatforms) = postSolution
		{44C219FA-AA55-4D55-98FE-ECFB258B1C63}.Debug|Any CPU.ActiveCfg = Debug|Any CPU
		{44C219FA-AA55-4D55-98FE-ECFB258B1C63}.Debug|Any CPU.Build.0 = Debug|Any CPU
		{44C219FA-AA55-4D55-98FE-ECFB258B1C63}.Release|Any CPU.ActiveCfg = Release|Any CPU
		{44C219FA-AA55-4D55-98FE-ECFB258B1C63}.Release|Any CPU.Build.0 = Release|Any CPU
		{1A283E00-5507-4A13-A291-E8B4E26C9647}.Debug|Any CPU.ActiveCfg = Debug|Any CPU
		{1A283E00-5507-4A13-A291-E8B4E26C9647}.Debug|Any CPU.Build.0 = Debug|Any CPU
		{1A283E00-5507-4A13-A291-E8B4E26C9647}.Release|Any CPU.ActiveCfg = Release|Any CPU
		{1A283E00-5507-4A13-A291-E8B4E26C9647}.Release|Any CPU.Build.0 = Release|Any CPU
	EndGlobalSection
	GlobalSection(SolutionProperties) = preSolution
		HideSolutionNode = FALSE
	EndGlobalSection
	GlobalSection(ExtensibilityGlobals) = postSolution
		SolutionGuid = {9FF909A2-A461-45C6-9CC8-3DF8585FF65B}
	EndGlobalSection
EndGlobal
